// !$*UTF8*$!
{
	archiveVersion = 1;
	classes = {
	};
	objectVersion = 50;
	objects = {

/* Begin PBXBuildFile section */
		095BB78324C440F1000A3DAE /* AppDelegate.swift in Sources */ = {isa = PBXBuildFile; fileRef = 095BB78224C440F1000A3DAE /* AppDelegate.swift */; };
		095BB78524C440F1000A3DAE /* SceneDelegate.swift in Sources */ = {isa = PBXBuildFile; fileRef = 095BB78424C440F1000A3DAE /* SceneDelegate.swift */; };
		095BB78724C440F1000A3DAE /* ViewController.swift in Sources */ = {isa = PBXBuildFile; fileRef = 095BB78624C440F1000A3DAE /* ViewController.swift */; };
		095BB78A24C440F1000A3DAE /* Main.storyboard in Resources */ = {isa = PBXBuildFile; fileRef = 095BB78824C440F1000A3DAE /* Main.storyboard */; };
		095BB78C24C440F3000A3DAE /* Assets.xcassets in Resources */ = {isa = PBXBuildFile; fileRef = 095BB78B24C440F3000A3DAE /* Assets.xcassets */; };
		095BB78F24C440F3000A3DAE /* LaunchScreen.storyboard in Resources */ = {isa = PBXBuildFile; fileRef = 095BB78D24C440F3000A3DAE /* LaunchScreen.storyboard */; };
		095BB79724C48E1F000A3DAE /* Waifu.swift in Sources */ = {isa = PBXBuildFile; fileRef = 095BB79624C48E1F000A3DAE /* Waifu.swift */; };
/* End PBXBuildFile section */

/* Begin PBXFileReference section */
		095BB77F24C440F1000A3DAE /* Random Waifu.app */ = {isa = PBXFileReference; explicitFileType = wrapper.application; includeInIndex = 0; path = "Random Waifu.app"; sourceTree = BUILT_PRODUCTS_DIR; };
		095BB78224C440F1000A3DAE /* AppDelegate.swift */ = {isa = PBXFileReference; lastKnownFileType = sourcecode.swift; path = AppDelegate.swift; sourceTree = "<group>"; };
		095BB78424C440F1000A3DAE /* SceneDelegate.swift */ = {isa = PBXFileReference; lastKnownFileType = sourcecode.swift; path = SceneDelegate.swift; sourceTree = "<group>"; };
		095BB78624C440F1000A3DAE /* ViewController.swift */ = {isa = PBXFileReference; lastKnownFileType = sourcecode.swift; path = ViewController.swift; sourceTree = "<group>"; };
		095BB78924C440F1000A3DAE /* Base */ = {isa = PBXFileReference; lastKnownFileType = file.storyboard; name = Base; path = Base.lproj/Main.storyboard; sourceTree = "<group>"; };
		095BB78B24C440F3000A3DAE /* Assets.xcassets */ = {isa = PBXFileReference; lastKnownFileType = folder.assetcatalog; path = Assets.xcassets; sourceTree = "<group>"; };
		095BB78E24C440F3000A3DAE /* Base */ = {isa = PBXFileReference; lastKnownFileType = file.storyboard; name = Base; path = Base.lproj/LaunchScreen.storyboard; sourceTree = "<group>"; };
		095BB79024C440F3000A3DAE /* Info.plist */ = {isa = PBXFileReference; lastKnownFileType = text.plist.xml; path = Info.plist; sourceTree = "<group>"; };
		095BB79624C48E1F000A3DAE /* Waifu.swift */ = {isa = PBXFileReference; lastKnownFileType = sourcecode.swift; path = Waifu.swift; sourceTree = "<group>"; };
/* End PBXFileReference section */

/* Begin PBXFrameworksBuildPhase section */
		095BB77C24C440F1000A3DAE /* Frameworks */ = {
			isa = PBXFrameworksBuildPhase;
			buildActionMask = 2147483647;
			files = (
			);
			runOnlyForDeploymentPostprocessing = 0;
		};
/* End PBXFrameworksBuildPhase section */

/* Begin PBXGroup section */
		095BB77624C440F1000A3DAE = {
			isa = PBXGroup;
			children = (
				095BB78124C440F1000A3DAE /* Random Waifu */,
				095BB78024C440F1000A3DAE /* Products */,
			);
			sourceTree = "<group>";
		};
		095BB78024C440F1000A3DAE /* Products */ = {
			isa = PBXGroup;
			children = (
				095BB77F24C440F1000A3DAE /* Random Waifu.app */,
			);
			name = Products;
			sourceTree = "<group>";
		};
		095BB78124C440F1000A3DAE /* Random Waifu */ = {
			isa = PBXGroup;
			children = (
				095BB78224C440F1000A3DAE /* AppDelegate.swift */,
				095BB78424C440F1000A3DAE /* SceneDelegate.swift */,
				095BB78624C440F1000A3DAE /* ViewController.swift */,
				095BB78824C440F1000A3DAE /* Main.storyboard */,
				095BB78B24C440F3000A3DAE /* Assets.xcassets */,
				095BB78D24C440F3000A3DAE /* LaunchScreen.storyboard */,
				095BB79024C440F3000A3DAE /* Info.plist */,
				095BB79624C48E1F000A3DAE /* Waifu.swift */,
			);
			path = "Random Waifu";
			sourceTree = "<group>";
		};
/* End PBXGroup section */

/* Begin PBXNativeTarget section */
		095BB77E24C440F1000A3DAE /* Random Waifu */ = {
			isa = PBXNativeTarget;
			buildConfigurationList = 095BB79324C440F3000A3DAE /* Build configuration list for PBXNativeTarget "Random Waifu" */;
			buildPhases = (
				095BB77B24C440F1000A3DAE /* Sources */,
				095BB77C24C440F1000A3DAE /* Frameworks */,
				095BB77D24C440F1000A3DAE /* Resources */,
			);
			buildRules = (
			);
			dependencies = (
			);
			name = "Random Waifu";
			productName = "Random Waifu";
			productReference = 095BB77F24C440F1000A3DAE /* Random Waifu.app */;
			productType = "com.apple.product-type.application";
		};
/* End PBXNativeTarget section */

/* Begin PBXProject section */
		095BB77724C440F1000A3DAE /* Project object */ = {
			isa = PBXProject;
			attributes = {
				LastSwiftUpdateCheck = 1130;
				LastUpgradeCheck = 1130;
				ORGANIZATIONNAME = Ilya;
				TargetAttributes = {
					095BB77E24C440F1000A3DAE = {
						CreatedOnToolsVersion = 11.3.1;
					};
				};
			};
			buildConfigurationList = 095BB77A24C440F1000A3DAE /* Build configuration list for PBXProject "Random Waifu" */;
			compatibilityVersion = "Xcode 9.3";
			developmentRegion = en;
			hasScannedForEncodings = 0;
			knownRegions = (
				en,
				Base,
			);
			mainGroup = 095BB77624C440F1000A3DAE;
			productRefGroup = 095BB78024C440F1000A3DAE /* Products */;
			projectDirPath = "";
			projectRoot = "";
			targets = (
				095BB77E24C440F1000A3DAE /* Random Waifu */,
			);
		};
/* End PBXProject section */

/* Begin PBXResourcesBuildPhase section */
		095BB77D24C440F1000A3DAE /* Resources */ = {
			isa = PBXResourcesBuildPhase;
			buildActionMask = 2147483647;
			files = (
				095BB78F24C440F3000A3DAE /* LaunchScreen.storyboard in Resources */,
				095BB78C24C440F3000A3DAE /* Assets.xcassets in Resources */,
				095BB78A24C440F1000A3DAE /* Main.storyboard in Resources */,
			);
			runOnlyForDeploymentPostprocessing = 0;
		};
/* End PBXResourcesBuildPhase section */

/* Begin PBXSourcesBuildPhase section */
		095BB77B24C440F1000A3DAE /* Sources */ = {
			isa = PBXSourcesBuildPhase;
			buildActionMask = 2147483647;
			files = (
				095BB78724C440F1000A3DAE /* ViewController.swift in Sources */,
				095BB78324C440F1000A3DAE /* AppDelegate.swift in Sources */,
				095BB79724C48E1F000A3DAE /* Waifu.swift in Sources */,
				095BB78524C440F1000A3DAE /* SceneDelegate.swift in Sources */,
			);
			runOnlyForDeploymentPostprocessing = 0;
		};
/* End PBXSourcesBuildPhase section */

/* Begin PBXVariantGroup section */
		095BB78824C440F1000A3DAE /* Main.storyboard */ = {
			isa = PBXVariantGroup;
			children = (
				095BB78924C440F1000A3DAE /* Base */,
			);
			name = Main.storyboard;
			sourceTree = "<group>";
		};
		095BB78D24C440F3000A3DAE /* LaunchScreen.storyboard */ = {
			isa = PBXVariantGroup;
			children = (
				095BB78E24C440F3000A3DAE /* Base */,
			);
			name = LaunchScreen.storyboard;
			sourceTree = "<group>";
		};
/* End PBXVariantGroup section */

/* Begin XCBuildConfiguration section */
		095BB79124C440F3000A3DAE /* Debug */ = {
			isa = XCBuildConfiguration;
			buildSettings = {
				ALWAYS_SEARCH_USER_PATHS = NO;
				CLANG_ANALYZER_NONNULL = YES;
				CLANG_ANALYZER_NUMBER_OBJECT_CONVERSION = YES_AGGRESSIVE;
				CLANG_CXX_LANGUAGE_STANDARD = "gnu++14";
				CLANG_CXX_LIBRARY = "libc++";
				CLANG_ENABLE_MODULES = YES;
				CLANG_ENABLE_OBJC_ARC = YES;
				CLANG_ENABLE_OBJC_WEAK = YES;
				CLANG_WARN_BLOCK_CAPTURE_AUTORELEASING = YES;
				CLANG_WARN_BOOL_CONVERSION = YES;
				CLANG_WARN_COMMA = YES;
				CLANG_WARN_CONSTANT_CONVERSION = YES;
				CLANG_WARN_DEPRECATED_OBJC_IMPLEMENTATIONS = YES;
				CLANG_WARN_DIRECT_OBJC_ISA_USAGE = YES_ERROR;
				CLANG_WARN_DOCUMENTATION_COMMENTS = YES;
				CLANG_WARN_EMPTY_BODY = YES;
				CLANG_WARN_ENUM_CONVERSION = YES;
				CLANG_WARN_INFINITE_RECURSION = YES;
				CLANG_WARN_INT_CONVERSION = YES;
				CLANG_WARN_NON_LITERAL_NULL_CONVERSION = YES;
				CLANG_WARN_OBJC_IMPLICIT_RETAIN_SELF = YES;
				CLANG_WARN_OBJC_LITERAL_CONVERSION = YES;
				CLANG_WARN_OBJC_ROOT_CLASS = YES_ERROR;
				CLANG_WARN_RANGE_LOOP_ANALYSIS = YES;
				CLANG_WARN_STRICT_PROTOTYPES = YES;
				CLANG_WARN_SUSPICIOUS_MOVE = YES;
				CLANG_WARN_UNGUARDED_AVAILABILITY = YES_AGGRESSIVE;
				CLANG_WARN_UNREACHABLE_CODE = YES;
				CLANG_WARN__DUPLICATE_METHOD_MATCH = YES;
				COPY_PHASE_STRIP = NO;
				DEBUG_INFORMATION_FORMAT = dwarf;
				ENABLE_STRICT_OBJC_MSGSEND = YES;
				ENABLE_TESTABILITY = YES;
				GCC_C_LANGUAGE_STANDARD = gnu11;
				GCC_DYNAMIC_NO_PIC = NO;
				GCC_NO_COMMON_BLOCKS = YES;
				GCC_OPTIMIZATION_LEVEL = 0;
				GCC_PREPROCESSOR_DEFINITIONS = (
					"DEBUG=1",
					"$(inherited)",
				);
				GCC_WARN_64_TO_32_BIT_CONVERSION = YES;
				GCC_WARN_ABOUT_RETURN_TYPE = YES_ERROR;
				GCC_WARN_UNDECLARED_SELECTOR = YES;
				GCC_WARN_UNINITIALIZED_AUTOS = YES_AGGRESSIVE;
				GCC_WARN_UNUSED_FUNCTION = YES;
				GCC_WARN_UNUSED_VARIABLE = YES;
				IPHONEOS_DEPLOYMENT_TARGET = 13.2;
				MTL_ENABLE_DEBUG_INFO = INCLUDE_SOURCE;
				MTL_FAST_MATH = YES;
				ONLY_ACTIVE_ARCH = YES;
				SDKROOT = iphoneos;
				SWIFT_ACTIVE_COMPILATION_CONDITIONS = DEBUG;
				SWIFT_OPTIMIZATION_LEVEL = "-Onone";
			};
			name = Debug;
		};
		095BB79224C440F3000A3DAE /* Release */ = {
			isa = XCBuildConfiguration;
			buildSettings = {
				ALWAYS_SEARCH_USER_PATHS = NO;
				CLANG_ANALYZER_NONNULL = YES;
				CLANG_ANALYZER_NUMBER_OBJECT_CONVERSION = YES_AGGRESSIVE;
				CLANG_CXX_LANGUAGE_STANDARD = "gnu++14";
				CLANG_CXX_LIBRARY = "libc++";
				CLANG_ENABLE_MODULES = YES;
				CLANG_ENABLE_OBJC_ARC = YES;
				CLANG_ENABLE_OBJC_WEAK = YES;
				CLANG_WARN_BLOCK_CAPTURE_AUTORELEASING = YES;
				CLANG_WARN_BOOL_CONVERSION = YES;
				CLANG_WARN_COMMA = YES;
				CLANG_WARN_CONSTANT_CONVERSION = YES;
				CLANG_WARN_DEPRECATED_OBJC_IMPLEMENTATIONS = YES;
				CLANG_WARN_DIRECT_OBJC_ISA_USAGE = YES_ERROR;
				CLANG_WARN_DOCUMENTATION_COMMENTS = YES;
				CLANG_WARN_EMPTY_BODY = YES;
				CLANG_WARN_ENUM_CONVERSION = YES;
				CLANG_WARN_INFINITE_RECURSION = YES;
				CLANG_WARN_INT_CONVERSION = YES;
				CLANG_WARN_NON_LITERAL_NULL_CONVERSION = YES;
				CLANG_WARN_OBJC_IMPLICIT_RETAIN_SELF = YES;
				CLANG_WARN_OBJC_LITERAL_CONVERSION = YES;
				CLANG_WARN_OBJC_ROOT_CLASS = YES_ERROR;
				CLANG_WARN_RANGE_LOOP_ANALYSIS = YES;
				CLANG_WARN_STRICT_PROTOTYPES = YES;
				CLANG_WARN_SUSPICIOUS_MOVE = YES;
				CLANG_WARN_UNGUARDED_AVAILABILITY = YES_AGGRESSIVE;
				CLANG_WARN_UNREACHABLE_CODE = YES;
				CLANG_WARN__DUPLICATE_METHOD_MATCH = YES;
				COPY_PHASE_STRIP = NO;
				DEBUG_INFORMATION_FORMAT = "dwarf-with-dsym";
				ENABLE_NS_ASSERTIONS = NO;
				ENABLE_STRICT_OBJC_MSGSEND = YES;
				GCC_C_LANGUAGE_STANDARD = gnu11;
				GCC_NO_COMMON_BLOCKS = YES;
				GCC_WARN_64_TO_32_BIT_CONVERSION = YES;
				GCC_WARN_ABOUT_RETURN_TYPE = YES_ERROR;
				GCC_WARN_UNDECLARED_SELECTOR = YES;
				GCC_WARN_UNINITIALIZED_AUTOS = YES_AGGRESSIVE;
				GCC_WARN_UNUSED_FUNCTION = YES;
				GCC_WARN_UNUSED_VARIABLE = YES;
				IPHONEOS_DEPLOYMENT_TARGET = 13.2;
				MTL_ENABLE_DEBUG_INFO = NO;
				MTL_FAST_MATH = YES;
				SDKROOT = iphoneos;
				SWIFT_COMPILATION_MODE = wholemodule;
				SWIFT_OPTIMIZATION_LEVEL = "-O";
				VALIDATE_PRODUCT = YES;
			};
			name = Release;
		};
		095BB79424C440F3000A3DAE /* Debug */ = {
			isa = XCBuildConfiguration;
			buildSettings = {
				ASSETCATALOG_COMPILER_APPICON_NAME = AppIcon;
				CODE_SIGN_STYLE = Automatic;
				DEVELOPMENT_TEAM = 2XCFZTWC4T;
				INFOPLIST_FILE = "Random Waifu/Info.plist";
				IPHONEOS_DEPLOYMENT_TARGET = 12.0;
				LD_RUNPATH_SEARCH_PATHS = (
					"$(inherited)",
					"@executable_path/Frameworks",
				);
				PRODUCT_BUNDLE_IDENTIFIER = "xyz.heavensfeel.Random-Waifu";
				PRODUCT_NAME = "$(TARGET_NAME)";
				SWIFT_VERSION = 5.0;
				TARGETED_DEVICE_FAMILY = "1,2";
			};
			name = Debug;
		};
		095BB79524C440F3000A3DAE /* Release */ = {
			isa = XCBuildConfiguration;
			buildSettings = {
				ASSETCATALOG_COMPILER_APPICON_NAME = AppIcon;
				CODE_SIGN_STYLE = Automatic;
				DEVELOPMENT_TEAM = 2XCFZTWC4T;
				INFOPLIST_FILE = "Random Waifu/Info.plist";
				IPHONEOS_DEPLOYMENT_TARGET = 12.0;
				LD_RUNPATH_SEARCH_PATHS = (
					"$(inherited)",
					"@executable_path/Frameworks",
				);
				PRODUCT_BUNDLE_IDENTIFIER = "xyz.heavensfeel.Random-Waifu";
				PRODUCT_NAME = "$(TARGET_NAME)";
				SWIFT_VERSION = 5.0;
				TARGETED_DEVICE_FAMILY = "1,2";
			};
			name = Release;
		};
/* End XCBuildConfiguration section */

/* Begin XCConfigurationList section */
		095BB77A24C440F1000A3DAE /* Build configuration list for PBXProject "Random Waifu" */ = {
			isa = XCConfigurationList;
			buildConfigurations = (
				095BB79124C440F3000A3DAE /* Debug */,
				095BB79224C440F3000A3DAE /* Release */,
			);
			defaultConfigurationIsVisible = 0;
			defaultConfigurationName = Release;
		};
		095BB79324C440F3000A3DAE /* Build configuration list for PBXNativeTarget "Random Waifu" */ = {
			isa = XCConfigurationList;
			buildConfigurations = (
				095BB79424C440F3000A3DAE /* Debug */,
				095BB79524C440F3000A3DAE /* Release */,
			);
			defaultConfigurationIsVisible = 0;
			defaultConfigurationName = Release;
		};
/* End XCConfigurationList section */
	};
	rootObject = 095BB77724C440F1000A3DAE /* Project object */;
}
